
Microsoft Visual Studio Solution File, Format Version 11.00
# Visual Studio 2010
Project("{F184B08F-C81C-45F6-A57F-5ABD9991F28F}") = "LIBRARY MANAGMENT SYSTEM", "LIBRARY MANAGMENT SYSTEM\LIBRARY MANAGMENT SYSTEM.vbproj", "{77594720-1A32-40C0-A0D4-0AB576E53ADE}"
EndProject
Global
	GlobalSection(SolutionConfigurationPlatforms) = preSolution
		Debug|x86 = Debug|x86
		Release|x86 = Release|x86
	EndGlobalSection
	GlobalSection(ProjectConfigurationPlatforms) = postSolution
		{77594720-1A32-40C0-A0D4-0AB576E53ADE}.Debug|x86.ActiveCfg = Debug|x86
		{77594720-1A32-40C0-A0D4-0AB576E53ADE}.Debug|x86.Build.0 = Debug|x86
		{77594720-1A32-40C0-A0D4-0AB576E53ADE}.Release|x86.ActiveCfg = Release|x86
		{77594720-1A32-40C0-A0D4-0AB576E53ADE}.Release|x86.Build.0 = Release|x86
	EndGlobalSection
	GlobalSection(SolutionProperties) = preSolution
		HideSolutionNode = FALSE
	EndGlobalSection
EndGlobal
